
Microsoft Visual Studio Solution File, Format Version 12.00
# Visual Studio Version 17
VisualStudioVersion = 17.1.32210.238
MinimumVisualStudioVersion = 10.0.40219.1
Project("{00D1A9C2-B5F0-4AF3-8072-F6C62B433612}") = "Database", "Database.sqlproj", "{976F9016-2455-4F5A-AF19-59FC82F4261A}"
EndProject
Global
	GlobalSection(SolutionConfigurationPlatforms) = preSolution
		Debug|Any CPU = Debug|Any CPU
		Release|Any CPU = Release|Any CPU
	EndGlobalSection
	GlobalSection(ProjectConfigurationPlatforms) = postSolution
		{976F9016-2455-4F5A-AF19-59FC82F4261A}.Debug|Any CPU.ActiveCfg = Debug|Any CPU
		{976F9016-2455-4F5A-AF19-59FC82F4261A}.Debug|Any CPU.Build.0 = Debug|Any CPU
		{976F9016-2455-4F5A-AF19-59FC82F4261A}.Debug|Any CPU.Deploy.0 = Debug|Any CPU
		{976F9016-2455-4F5A-AF19-59FC82F4261A}.Release|Any CPU.ActiveCfg = Release|Any CPU
		{976F9016-2455-4F5A-AF19-59FC82F4261A}.Release|Any CPU.Build.0 = Release|Any CPU
		{976F9016-2455-4F5A-AF19-59FC82F4261A}.Release|Any CPU.Deploy.0 = Release|Any CPU
	EndGlobalSection
	GlobalSection(SolutionProperties) = preSolution
		HideSolutionNode = FALSE
	EndGlobalSection
	GlobalSection(ExtensibilityGlobals) = postSolution
		SolutionGuid = {8F47CE54-CAEE-43A0-9412-24C97E030082}
	EndGlobalSection
EndGlobal
